<?xml version="1.0" encoding="utf-8"?>
<Project ToolsVersion="4.0" xmlns="http://schemas.microsoft.com/developer/msbuild/2003">
  <ItemGroup>
    <Object Include="Mesh\cube.obj">
      <Filter>Resources\Mesh</Filter>
    </Object>
    <Object Include="Mesh\plane.obj">
      <Filter>Resources\Mesh</Filter>
    </Object>
    <Object Include="Mesh\ray.obj">
      <Filter>Resources\Mesh</Filter>
    </Object>
    <Object Include="Mesh\sphere.obj">
      <Filter>Resources\Mesh</Filter>
    </Object>
    <Object Include="Mesh\thing.obj">
      <Filter>Resources\Mesh</Filter>
    </Object>
  </ItemGroup>
  <ItemGroup>
    <ClCompile Include="Ball.cpp">
      <Filter>Bis 4</Filter>
    </ClCompile>
    <ClCompile Include="Fbo.cpp">
      <Filter>Bis 1</Filter>
    </ClCompile>
    <ClCompile Include="Input.cpp">
      <Filter>Bis 1</Filter>
    </ClCompile>
    <ClCompile Include="Shader.cpp">
      <Filter>Bis 1</Filter>
    </ClCompile>
    <ClCompile Include="Vao.cpp">
      <Filter>Bis 1</Filter>
    </ClCompile>
    <ClCompile Include="Vao2D.cpp">
      <Filter>Bis 1</Filter>
    </ClCompile>
    <ClCompile Include="Entity.cpp">
      <Filter>Bis 3</Filter>
    </ClCompile>
    <ClCompile Include="EntityManager.cpp">
      <Filter>Bis 3</Filter>
    </ClCompile>
    <ClCompile Include="Main_Bis1.cpp">
      <Filter>Temp</Filter>
    </ClCompile>
    <ClCompile Include="Main_Bis2.cpp">
      <Filter>Temp</Filter>
    </ClCompile>
    <ClCompile Include="Main_Test_Physique.cpp">
      <Filter>Temp</Filter>
    </ClCompile>
    <ClCompile Include="PhysicComponent.cpp">
      <Filter>Bis 2\Physic</Filter>
    </ClCompile>
    <ClCompile Include="StateComponent.cpp">
      <Filter>Bis 2\Physic</Filter>
    </ClCompile>
    <ClCompile Include="GraphicComponent.cpp">
      <Filter>Bis 2\Graphic</Filter>
    </ClCompile>
    <ClCompile Include="RenderSystem.cpp">
      <Filter>Bis 2\Graphic</Filter>
    </ClCompile>
    <ClCompile Include="ResourcesManager.cpp">
      <Filter>Bis 2\Graphic</Filter>
    </ClCompile>
    <ClCompile Include="Scene_SDL.cpp">
      <Filter>Bis 2\Graphic</Filter>
    </ClCompile>
    <ClCompile Include="Misc.cpp">
      <Filter>Temp</Filter>
    </ClCompile>
    <ClCompile Include="Camera.cpp">
      <Filter>Bis 3</Filter>
    </ClCompile>
    <ClCompile Include="Texture.cpp">
      <Filter>Bis 1\Texture</Filter>
    </ClCompile>
    <ClCompile Include="Texture_Abs.cpp">
      <Filter>Bis 1\Texture</Filter>
    </ClCompile>
    <ClCompile Include="Texture_Cube.cpp">
      <Filter>Bis 1\Texture</Filter>
    </ClCompile>
    <ClCompile Include="CubeDetectionComponent.cpp">
      <Filter>Bis 2\Physic\DetectionComponent</Filter>
    </ClCompile>
    <ClCompile Include="RayDetectionComponent.cpp">
      <Filter>Bis 2\Physic\DetectionComponent</Filter>
    </ClCompile>
    <ClCompile Include="SphereDetectionComponent.cpp">
      <Filter>Bis 2\Physic\DetectionComponent</Filter>
    </ClCompile>
    <ClCompile Include="PlaneDetectionComponent.cpp">
      <Filter>Bis 2\Physic\DetectionComponent</Filter>
    </ClCompile>
    <ClCompile Include="Cube.cpp">
      <Filter>Bis 4</Filter>
    </ClCompile>
    <ClCompile Include="DetectionProcessor.cpp">
      <Filter>Bis 2\Physic</Filter>
    </ClCompile>
    <ClCompile Include="DetectionComponent.cpp">
      <Filter>Bis 2\Physic</Filter>
    </ClCompile>
    <ClCompile Include="PhysicComponent2D.cpp">
      <Filter>Bis 2\Physic</Filter>
    </ClCompile>
    <ClCompile Include="Entity2D.cpp">
      <Filter>Bis 3</Filter>
    </ClCompile>
    <ClCompile Include="GraphicComponent2D.cpp">
      <Filter>Bis 2\Graphic</Filter>
    </ClCompile>
    <ClCompile Include="Panel.cpp">
      <Filter>Bis 4</Filter>
    </ClCompile>
    <ClCompile Include="Updatable.cpp">
      <Filter>Bis 4</Filter>
    </ClCompile>
    <ClCompile Include="Letter.cpp">
      <Filter>Bis 3\Text</Filter>
    </ClCompile>
    <ClCompile Include="Text.cpp">
      <Filter>Bis 3\Text</Filter>
    </ClCompile>
    <ClCompile Include="Loop.cpp">
      <Filter>Temp</Filter>
    </ClCompile>
    <ClCompile Include="Main.cpp">
      <Filter>Temp</Filter>
    </ClCompile>
  </ItemGroup>
  <ItemGroup>
    <ClInclude Include="Ball.h">
      <Filter>Bis 4</Filter>
    </ClInclude>
    <ClInclude Include="Fbo.h">
      <Filter>Bis 1</Filter>
    </ClInclude>
    <ClInclude Include="Input.h">
      <Filter>Bis 1</Filter>
    </ClInclude>
    <ClInclude Include="Shader.h">
      <Filter>Bis 1</Filter>
    </ClInclude>
    <ClInclude Include="Vao.h">
      <Filter>Bis 1</Filter>
    </ClInclude>
    <ClInclude Include="Vao2D.h">
      <Filter>Bis 1</Filter>
    </ClInclude>
    <ClInclude Include="Entity.h">
      <Filter>Bis 3</Filter>
    </ClInclude>
    <ClInclude Include="EntityManager.h">
      <Filter>Bis 3</Filter>
    </ClInclude>
    <ClInclude Include="PhysicComponent.h">
      <Filter>Bis 2\Physic</Filter>
    </ClInclude>
    <ClInclude Include="StateComponent.h">
      <Filter>Bis 2\Physic</Filter>
    </ClInclude>
    <ClInclude Include="GraphicComponent.h">
      <Filter>Bis 2\Graphic</Filter>
    </ClInclude>
    <ClInclude Include="RenderSystem.h">
      <Filter>Bis 2\Graphic</Filter>
    </ClInclude>
    <ClInclude Include="ResourcesManager.h">
      <Filter>Bis 2\Graphic</Filter>
    </ClInclude>
    <ClInclude Include="Scene_SDL.h">
      <Filter>Bis 2\Graphic</Filter>
    </ClInclude>
    <ClInclude Include="Misc.h">
      <Filter>Temp</Filter>
    </ClInclude>
    <ClInclude Include="Camera.h">
      <Filter>Bis 3</Filter>
    </ClInclude>
    <ClInclude Include="Texture_Cube.h">
      <Filter>Bis 1\Texture</Filter>
    </ClInclude>
    <ClInclude Include="Texture.h">
      <Filter>Bis 1\Texture</Filter>
    </ClInclude>
    <ClInclude Include="Texture_Abs.h">
      <Filter>Bis 1\Texture</Filter>
    </ClInclude>
    <ClInclude Include="CubeDetectionComponent.h">
      <Filter>Bis 2\Physic\DetectionComponent</Filter>
    </ClInclude>
    <ClInclude Include="SphereDetectionComponent.h">
      <Filter>Bis 2\Physic\DetectionComponent</Filter>
    </ClInclude>
    <ClInclude Include="RayDetectionComponent.h">
      <Filter>Bis 2\Physic\DetectionComponent</Filter>
    </ClInclude>
    <ClInclude Include="PlaneDetectionComponent.h">
      <Filter>Bis 2\Physic\DetectionComponent</Filter>
    </ClInclude>
    <ClInclude Include="Cube.h">
      <Filter>Bis 4</Filter>
    </ClInclude>
    <ClInclude Include="DetectionProcessor.h">
      <Filter>Bis 2\Physic</Filter>
    </ClInclude>
    <ClInclude Include="DetectionComponent.h">
      <Filter>Bis 2\Physic</Filter>
    </ClInclude>
    <ClInclude Include="Contact.h">
      <Filter>Bis 2\Physic</Filter>
    </ClInclude>
    <ClInclude Include="PhysicComponent2D.h">
      <Filter>Bis 2\Physic</Filter>
    </ClInclude>
    <ClInclude Include="Entity2D.h">
      <Filter>Bis 3</Filter>
    </ClInclude>
    <ClInclude Include="GraphicComponent2D.h">
      <Filter>Bis 2\Graphic</Filter>
    </ClInclude>
    <ClInclude Include="Panel.h">
      <Filter>Bis 4</Filter>
    </ClInclude>
    <ClInclude Include="Updatable.h">
      <Filter>Bis 4</Filter>
    </ClInclude>
    <ClInclude Include="Letter.h">
      <Filter>Bis 3\Text</Filter>
    </ClInclude>
    <ClInclude Include="Text.h">
      <Filter>Bis 3\Text</Filter>
    </ClInclude>
    <ClInclude Include="Loop.h">
      <Filter>Temp</Filter>
    </ClInclude>
  </ItemGroup>
  <ItemGroup>
    <Image Include="Texture\cloud.png">
      <Filter>Resources\Texture</Filter>
    </Image>
    <Image Include="Texture\band.png">
      <Filter>Resources\Texture</Filter>
    </Image>
    <Image Include="Texture\BLACK.png">
      <Filter>Resources\Texture</Filter>
    </Image>
    <Image Include="Texture\checker.png">
      <Filter>Resources\Texture</Filter>
    </Image>
    <Image Include="Texture\checker2.png">
      <Filter>Resources\Texture</Filter>
    </Image>
    <Image Include="Texture\checker2C.png">
      <Filter>Resources\Texture</Filter>
    </Image>
    <Image Include="Texture\circle.png">
      <Filter>Resources\Texture</Filter>
    </Image>
    <Image Include="Texture\circleColor.png">
      <Filter>Resources\Texture</Filter>
    </Image>
    <Image Include="Texture\WHITE.png">
      <Filter>Resources\Texture</Filter>
    </Image>
    <Image Include="Texture\RED.png">
      <Filter>Resources\Texture</Filter>
    </Image>
    <Image Include="Texture\BLUE.png">
      <Filter>Resources\Texture</Filter>
    </Image>
    <Image Include="Texture\rock.png">
      <Filter>Resources\Texture</Filter>
    </Image>
    <Image Include="Texture\rock_N.png">
      <Filter>Resources\Texture</Filter>
    </Image>
    <Image Include="Texture\bismuth.png">
      <Filter>Resources\Texture</Filter>
    </Image>
    <Image Include="Texture\bismuthSmall.png">
      <Filter>Resources\Texture</Filter>
    </Image>
    <Image Include="Font\SWLink48.bmp">
      <Filter>Resources\Font</Filter>
    </Image>
    <Image Include="Font\font1.png">
      <Filter>Resources\Font</Filter>
    </Image>
    <Image Include="Font\Calibri64.png">
      <Filter>Resources\Font</Filter>
    </Image>
    <Image Include="Texture\dot.png">
      <Filter>Resources\Texture</Filter>
    </Image>
    <Image Include="Texture\ui.png">
      <Filter>Resources\Texture</Filter>
    </Image>
  </ItemGroup>
  <ItemGroup>
    <None Include="config.ini">
      <Filter>Resources</Filter>
    </None>
    <None Include="Shader\blur_1ch.frag">
      <Filter>Shader</Filter>
    </None>
    <None Include="Shader\blur_3ch.frag">
      <Filter>Shader</Filter>
    </None>
    <None Include="Shader\blurBilateral_1ch.frag">
      <Filter>Shader</Filter>
    </None>
    <None Include="Shader\blurDir_3ch.frag">
      <Filter>Shader</Filter>
    </None>
    <None Include="Shader\defPass1.frag">
      <Filter>Shader</Filter>
    </None>
    <None Include="Shader\defPass1.vert">
      <Filter>Shader</Filter>
    </None>
    <None Include="Shader\defPassN.frag">
      <Filter>Shader</Filter>
    </None>
    <None Include="Shader\defPassN.vert">
      <Filter>Shader</Filter>
    </None>
    <None Include="Shader\tone.frag">
      <Filter>Shader</Filter>
    </None>
    <None Include="Shader\AO.frag">
      <Filter>Shader</Filter>
    </None>
    <None Include="Shader\AO2.frag">
      <Filter>Shader</Filter>
    </None>
    <None Include="Shader\AO3.frag">
      <Filter>Shader</Filter>
    </None>
    <None Include="Shader\light.frag">
      <Filter>Shader</Filter>
    </None>
    <None Include="Shader\light.vert">
      <Filter>Shader</Filter>
    </None>
    <None Include="Shader\FXAA.frag">
      <Filter>Shader</Filter>
    </None>
    <None Include="ClassDiagram.cd" />
    <None Include="Shader\2D.frag">
      <Filter>Shader</Filter>
    </None>
    <None Include="Shader\2D.vert">
      <Filter>Shader</Filter>
    </None>
  </ItemGroup>
  <ItemGroup>
    <Filter Include="Bis 1">
      <UniqueIdentifier>{b4058dd0-e6ba-47e4-a8b2-bd533c94796e}</UniqueIdentifier>
    </Filter>
    <Filter Include="Resources">
      <UniqueIdentifier>{35a4073e-1820-4748-a7a3-36e61a3bff0f}</UniqueIdentifier>
    </Filter>
    <Filter Include="Bis 2">
      <UniqueIdentifier>{ad51cecf-6a7f-4907-ae57-09e5b75a7645}</UniqueIdentifier>
    </Filter>
    <Filter Include="Bis 3">
      <UniqueIdentifier>{ab96f998-ccbf-4c2d-a18d-cc1e95f28ef7}</UniqueIdentifier>
    </Filter>
    <Filter Include="Bis 4">
      <UniqueIdentifier>{ad950016-b0ed-4793-9a1f-18043074f3d9}</UniqueIdentifier>
    </Filter>
    <Filter Include="Shader">
      <UniqueIdentifier>{20cfd83b-7b4c-4d88-a7b8-5bba095137b8}</UniqueIdentifier>
    </Filter>
    <Filter Include="Temp">
      <UniqueIdentifier>{2f06b753-c037-4b14-869d-617caffe5271}</UniqueIdentifier>
    </Filter>
    <Filter Include="Bis 2\Graphic">
      <UniqueIdentifier>{32941774-f49b-4ca0-bb9d-b652872bb5f8}</UniqueIdentifier>
    </Filter>
    <Filter Include="Bis 2\Physic">
      <UniqueIdentifier>{d5e7915b-c4e6-446d-a24c-442bf7f4e653}</UniqueIdentifier>
    </Filter>
    <Filter Include="Resources\Texture">
      <UniqueIdentifier>{a3e92e1d-c790-4c01-a0cf-2b9ef1a1af3f}</UniqueIdentifier>
    </Filter>
    <Filter Include="Resources\Mesh">
      <UniqueIdentifier>{8a2a77a9-d88b-4f2e-a1b7-763916faed40}</UniqueIdentifier>
    </Filter>
    <Filter Include="Bis 1\Texture">
      <UniqueIdentifier>{69ae750b-2c55-4aa7-9b56-87549bf4de8d}</UniqueIdentifier>
    </Filter>
    <Filter Include="Bis 2\Physic\DetectionComponent">
      <UniqueIdentifier>{7a2e8313-059b-4b86-9107-98c8750ef6c0}</UniqueIdentifier>
    </Filter>
    <Filter Include="Bis 3\Text">
      <UniqueIdentifier>{408f4b24-b8d1-473b-bf97-4a75a83414e8}</UniqueIdentifier>
    </Filter>
    <Filter Include="Resources\Font">
      <UniqueIdentifier>{cd0b8e61-5006-402f-9273-5f939c0d5a9d}</UniqueIdentifier>
    </Filter>
  </ItemGroup>
</Project>